
Microsoft Visual Studio Solution File, Format Version 12.00
# Visual Studio Version 16
VisualStudioVersion = 16.0.30320.27
MinimumVisualStudioVersion = 10.0.40219.1
Project("{FAE04EC0-301F-11D3-BF4B-00C04F79EFBC}") = "CuraAnaliseEstoque", "WindowsFormsApp1\CuraAnaliseEstoque.csproj", "{4E98FCB3-1E43-4A4C-9F4D-51918137DEAD}"
EndProject
Global
	GlobalSection(SolutionConfigurationPlatforms) = preSolution
		Debug|Any CPU = Debug|Any CPU
		Release|Any CPU = Release|Any CPU
	EndGlobalSection
	GlobalSection(ProjectConfigurationPlatforms) = postSolution
		{4E98FCB3-1E43-4A4C-9F4D-51918137DEAD}.Debug|Any CPU.ActiveCfg = Debug|Any CPU
		{4E98FCB3-1E43-4A4C-9F4D-51918137DEAD}.Debug|Any CPU.Build.0 = Debug|Any CPU
		{4E98FCB3-1E43-4A4C-9F4D-51918137DEAD}.Release|Any CPU.ActiveCfg = Release|Any CPU
		{4E98FCB3-1E43-4A4C-9F4D-51918137DEAD}.Release|Any CPU.Build.0 = Release|Any CPU
	EndGlobalSection
	GlobalSection(SolutionProperties) = preSolution
		HideSolutionNode = FALSE
	EndGlobalSection
	GlobalSection(ExtensibilityGlobals) = postSolution
		SolutionGuid = {B2B88ED9-7C60-4F1C-A227-D29F197B1849}
	EndGlobalSection
EndGlobal
